
Microsoft Visual Studio Solution File, Format Version 12.00
Project("{FAE04EC0-301F-11D3-BF4B-00C04F79EFBC}") = "PripravaKMaturiteITP", "PripravaKMaturiteITP\PripravaKMaturiteITP.csproj", "{83529D67-104A-411F-87EE-E62767434049}"
EndProject
Global
	GlobalSection(SolutionConfigurationPlatforms) = preSolution
		Debug|Any CPU = Debug|Any CPU
		Release|Any CPU = Release|Any CPU
	EndGlobalSection
	GlobalSection(ProjectConfigurationPlatforms) = postSolution
		{83529D67-104A-411F-87EE-E62767434049}.Debug|Any CPU.ActiveCfg = Debug|Any CPU
		{83529D67-104A-411F-87EE-E62767434049}.Debug|Any CPU.Build.0 = Debug|Any CPU
		{83529D67-104A-411F-87EE-E62767434049}.Release|Any CPU.ActiveCfg = Release|Any CPU
		{83529D67-104A-411F-87EE-E62767434049}.Release|Any CPU.Build.0 = Release|Any CPU
	EndGlobalSection
EndGlobal
